PODS:
  - AppLovinSDK (13.6.2)
  - Flutter (1.0.0)
  - flutter_local_notifications (0.0.1):
    - Flutter
  - gma_mediation_applovin (2.6.1):
    - Flutter
    - GoogleMobileAdsMediationAppLovin (~> 13.6.2.0)
  - Google-Mobile-Ads-SDK (13.2.0):
    - GoogleUserMessagingPlatform (>= 1.1)
  - GoogleMobileAdsMediationAppLovin (13.6.2.0):
    - AppLovinSDK (= 13.6.2)
    - Google-Mobile-Ads-SDK (~> 13.0)
  - GoogleUserMessagingPlatform (3.1.0)

DEPENDENCIES:
  - Flutter (from `Flutter`)
  - flutter_local_notifications (from `.symlinks/plugins/flutter_local_notifications/ios`)
  - gma_mediation_applovin (from `.symlinks/plugins/gma_mediation_applovin/ios`)

SPEC REPOS:
  trunk:
    - AppLovinSDK
    - Google-Mobile-Ads-SDK
    - GoogleMobileAdsMediationAppLovin
    - GoogleUserMessagingPlatform

EXTERNAL SOURCES:
  Flutter:
    :path: Flutter
  flutter_local_notifications:
    :path: ".symlinks/plugins/flutter_local_notifications/ios"
  gma_mediation_applovin:
    :path: ".symlinks/plugins/gma_mediation_applovin/ios"

SPEC CHECKSUMS:
  AppLovinSDK: 91a47db42b6c0e2b83224006aa46b0b88c62c16f
  Flutter: cabc95a1d2626b1b06e7179b784ebcf0c0cde467
  flutter_local_notifications: 395056b3175ba4f08480a7c5de30cd36d69827e4
  gma_mediation_applovin: af95032eed0b379a27dd279cbc3581af3a2bc95e
  Google-Mobile-Ads-SDK: f0365e190d66539c65cea8ded43e2c367abb5477
  GoogleMobileAdsMediationAppLovin: b32db78894088699b8261c2050228c603c7236c5
  GoogleUserMessagingPlatform: befe603da6501006420c206222acd449bba45a9c

PODFILE CHECKSUM: 1441d919009415ca3aaf4d4aebe28408c71583f7

COCOAPODS: 1.16.2
